{
  "pins" : [
    {
      "identity" : "swiftdraw",
      "kind" : "remoteSourceControl",
      "location" : "https://github.com/swhitty/SwiftDraw.git",
      "state" : {
        "revision" : "dbb4ef98824053ead8c83fa866c2c6054fb41809",
        "version" : "0.24.0"
      }
    }
  ],
  "version" : 2
}
